// !$*UTF8*$!
{
	archiveVersion = 1;
	classes = {
	};
	objectVersion = 51;
	objects = {

/* Begin PBXBuildFile section */
		26785059202D3BEB4E5ECEE4 /* Pods_AnimationStudy.framework in Frameworks */ = {isa = PBXBuildFile; fileRef = 93FA7FD5C7BD30A6ADC9B7EB /* Pods_AnimationStudy.framework */; };
		5E33F8C925174AF600E713FA /* AnimationData.swift in Sources */ = {isa = PBXBuildFile; fileRef = 5E33F8C825174AF600E713FA /* AnimationData.swift */; };
		5E4733552514E56200C996D0 /* AppDelegate.swift in Sources */ = {isa = PBXBuildFile; fileRef = 5E4733542514E56200C996D0 /* AppDelegate.swift */; };
		5E4733572514E56200C996D0 /* SceneDelegate.swift in Sources */ = {isa = PBXBuildFile; fileRef = 5E4733562514E56200C996D0 /* SceneDelegate.swift */; };
		5E4733592514E56200C996D0 /* ViewController.swift in Sources */ = {isa = PBXBuildFile; fileRef = 5E4733582514E56200C996D0 /* ViewController.swift */; };
		5E47335C2514E56200C996D0 /* Main.storyboard in Resources */ = {isa = PBXBuildFile; fileRef = 5E47335A2514E56200C996D0 /* Main.storyboard */; };
		5E47335E2514E56D00C996D0 /* Assets.xcassets in Resources */ = {isa = PBXBuildFile; fileRef = 5E47335D2514E56D00C996D0 /* Assets.xcassets */; };
		5E4733612514E56D00C996D0 /* LaunchScreen.storyboard in Resources */ = {isa = PBXBuildFile; fileRef = 5E47335F2514E56D00C996D0 /* LaunchScreen.storyboard */; };
		5E47336C2514E56D00C996D0 /* AnimationStudyTests.swift in Sources */ = {isa = PBXBuildFile; fileRef = 5E47336B2514E56D00C996D0 /* AnimationStudyTests.swift */; };
		5E4733772514E56D00C996D0 /* AnimationStudyUITests.swift in Sources */ = {isa = PBXBuildFile; fileRef = 5E4733762514E56D00C996D0 /* AnimationStudyUITests.swift */; };
		5E47338B2514EDF300C996D0 /* Extension + UIButton.swift in Sources */ = {isa = PBXBuildFile; fileRef = 5E47338A2514EDF300C996D0 /* Extension + UIButton.swift */; };
/* End PBXBuildFile section */

/* Begin PBXContainerItemProxy section */
		5E4733682514E56D00C996D0 /* PBXContainerItemProxy */ = {
			isa = PBXContainerItemProxy;
			containerPortal = 5E4733492514E56200C996D0 /* Project object */;
			proxyType = 1;
			remoteGlobalIDString = 5E4733502514E56200C996D0;
			remoteInfo = AnimationStudy;
		};
		5E4733732514E56D00C996D0 /* PBXContainerItemProxy */ = {
			isa = PBXContainerItemProxy;
			containerPortal = 5E4733492514E56200C996D0 /* Project object */;
			proxyType = 1;
			remoteGlobalIDString = 5E4733502514E56200C996D0;
			remoteInfo = AnimationStudy;
		};
/* End PBXContainerItemProxy section */

/* Begin PBXFileReference section */
		19628AE2FAFBEFA556A266F1 /* Pods-AnimationStudy.debug.xcconfig */ = {isa = PBXFileReference; includeInIndex = 1; lastKnownFileType = text.xcconfig; name = "Pods-AnimationStudy.debug.xcconfig"; path = "Target Support Files/Pods-AnimationStudy/Pods-AnimationStudy.debug.xcconfig"; sourceTree = "<group>"; };
		5E33F8C825174AF600E713FA /* AnimationData.swift */ = {isa = PBXFileReference; lastKnownFileType = sourcecode.swift; path = AnimationData.swift; sourceTree = "<group>"; };
		5E4733512514E56200C996D0 /* AnimationStudy.app */ = {isa = PBXFileReference; explicitFileType = wrapper.application; includeInIndex = 0; path = AnimationStudy.app; sourceTree = BUILT_PRODUCTS_DIR; };
		5E4733542514E56200C996D0 /* AppDelegate.swift */ = {isa = PBXFileReference; lastKnownFileType = sourcecode.swift; path = AppDelegate.swift; sourceTree = "<group>"; };
		5E4733562514E56200C996D0 /* SceneDelegate.swift */ = {isa = PBXFileReference; lastKnownFileType = sourcecode.swift; path = SceneDelegate.swift; sourceTree = "<group>"; };
		5E4733582514E56200C996D0 /* ViewController.swift */ = {isa = PBXFileReference; lastKnownFileType = sourcecode.swift; path = ViewController.swift; sourceTree = "<group>"; };
		5E47335B2514E56200C996D0 /* Base */ = {isa = PBXFileReference; lastKnownFileType = file.storyboard; name = Base; path = Base.lproj/Main.storyboard; sourceTree = "<group>"; };
		5E47335D2514E56D00C996D0 /* Assets.xcassets */ = {isa = PBXFileReference; lastKnownFileType = folder.assetcatalog; path = Assets.xcassets; sourceTree = "<group>"; };
		5E4733602514E56D00C996D0 /* Base */ = {isa = PBXFileReference; lastKnownFileType = file.storyboard; name = Base; path = Base.lproj/LaunchScreen.storyboard; sourceTree = "<group>"; };
		5E4733622514E56D00C996D0 /* Info.plist */ = {isa = PBXFileReference; lastKnownFileType = text.plist.xml; path = Info.plist; sourceTree = "<group>"; };
		5E4733672514E56D00C996D0 /* AnimationStudyTests.xctest */ = {isa = PBXFileReference; explicitFileType = wrapper.cfbundle; includeInIndex = 0; path = AnimationStudyTests.xctest; sourceTree = BUILT_PRODUCTS_DIR; };
		5E47336B2514E56D00C996D0 /* AnimationStudyTests.swift */ = {isa = PBXFileReference; lastKnownFileType = sourcecode.swift; path = AnimationStudyTests.swift; sourceTree = "<group>"; };
		5E47336D2514E56D00C996D0 /* Info.plist */ = {isa = PBXFileReference; lastKnownFileType = text.plist.xml; path = Info.plist; sourceTree = "<group>"; };
		5E4733722514E56D00C996D0 /* AnimationStudyUITests.xctest */ = {isa = PBXFileReference; explicitFileType = wrapper.cfbundle; includeInIndex = 0; path = AnimationStudyUITests.xctest; sourceTree = BUILT_PRODUCTS_DIR; };
		5E4733762514E56D00C996D0 /* AnimationStudyUITests.swift */ = {isa = PBXFileReference; lastKnownFileType = sourcecode.swift; path = AnimationStudyUITests.swift; sourceTree = "<group>"; };
		5E4733782514E56D00C996D0 /* Info.plist */ = {isa = PBXFileReference; lastKnownFileType = text.plist.xml; path = Info.plist; sourceTree = "<group>"; };
		5E47338A2514EDF300C996D0 /* Extension + UIButton.swift */ = {isa = PBXFileReference; lastKnownFileType = sourcecode.swift; path = "Extension + UIButton.swift"; sourceTree = "<group>"; };
		93FA7FD5C7BD30A6ADC9B7EB /* Pods_AnimationStudy.framework */ = {isa = PBXFileReference; explicitFileType = wrapper.framework; includeInIndex = 0; path = Pods_AnimationStudy.framework; sourceTree = BUILT_PRODUCTS_DIR; };
		9606EEE8CA613CA62084E0CA /* Pods-AnimationStudy.release.xcconfig */ = {isa = PBXFileReference; includeInIndex = 1; lastKnownFileType = text.xcconfig; name = "Pods-AnimationStudy.release.xcconfig"; path = "Target Support Files/Pods-AnimationStudy/Pods-AnimationStudy.release.xcconfig"; sourceTree = "<group>"; };
/* End PBXFileReference section */

/* Begin PBXFrameworksBuildPhase section */
		5E47334E2514E56200C996D0 /* Frameworks */ = {
			isa = PBXFrameworksBuildPhase;
			buildActionMask = 2147483647;
			files = (
				26785059202D3BEB4E5ECEE4 /* Pods_AnimationStudy.framework in Frameworks */,
			);
			runOnlyForDeploymentPostprocessing = 0;
		};
		5E4733642514E56D00C996D0 /* Frameworks */ = {
			isa = PBXFrameworksBuildPhase;
			buildActionMask = 2147483647;
			files = (
			);
			runOnlyForDeploymentPostprocessing = 0;
		};
		5E47336F2514E56D00C996D0 /* Frameworks */ = {
			isa = PBXFrameworksBuildPhase;
			buildActionMask = 2147483647;
			files = (
			);
			runOnlyForDeploymentPostprocessing = 0;
		};
/* End PBXFrameworksBuildPhase section */

/* Begin PBXGroup section */
		10F50941803AB77DF59E9716 /* Frameworks */ = {
			isa = PBXGroup;
			children = (
				93FA7FD5C7BD30A6ADC9B7EB /* Pods_AnimationStudy.framework */,
			);
			name = Frameworks;
			sourceTree = "<group>";
		};
		2D01D8A64E943CB194729C19 /* Pods */ = {
			isa = PBXGroup;
			children = (
				19628AE2FAFBEFA556A266F1 /* Pods-AnimationStudy.debug.xcconfig */,
				9606EEE8CA613CA62084E0CA /* Pods-AnimationStudy.release.xcconfig */,
			);
			path = Pods;
			sourceTree = "<group>";
		};
		5E33F8B6251740E200E713FA /* StoryBoards */ = {
			isa = PBXGroup;
			children = (
				5E47335F2514E56D00C996D0 /* LaunchScreen.storyboard */,
				5E47335A2514E56200C996D0 /* Main.storyboard */,
			);
			path = StoryBoards;
			sourceTree = "<group>";
		};
		5E33F8B72517410600E713FA /* Controllers */ = {
			isa = PBXGroup;
			children = (
				5E4733582514E56200C996D0 /* ViewController.swift */,
				5E47338A2514EDF300C996D0 /* Extension + UIButton.swift */,
			);
			path = Controllers;
			sourceTree = "<group>";
		};
		5E33F8C0251741DC00E713FA /* Model */ = {
			isa = PBXGroup;
			children = (
				5E33F8C825174AF600E713FA /* AnimationData.swift */,
			);
			path = Model;
			sourceTree = "<group>";
		};
		5E4733482514E56200C996D0 = {
			isa = PBXGroup;
			children = (
				5E4733532514E56200C996D0 /* AnimationStudy */,
				5E47336A2514E56D00C996D0 /* AnimationStudyTests */,
				5E4733752514E56D00C996D0 /* AnimationStudyUITests */,
				5E4733522514E56200C996D0 /* Products */,
				2D01D8A64E943CB194729C19 /* Pods */,
				10F50941803AB77DF59E9716 /* Frameworks */,
			);
			sourceTree = "<group>";
		};
		5E4733522514E56200C996D0 /* Products */ = {
			isa = PBXGroup;
			children = (
				5E4733512514E56200C996D0 /* AnimationStudy.app */,
				5E4733672514E56D00C996D0 /* AnimationStudyTests.xctest */,
				5E4733722514E56D00C996D0 /* AnimationStudyUITests.xctest */,
			);
			name = Products;
			sourceTree = "<group>";
		};
		5E4733532514E56200C996D0 /* AnimationStudy */ = {
			isa = PBXGroup;
			children = (
				5E4733542514E56200C996D0 /* AppDelegate.swift */,
				5E4733562514E56200C996D0 /* SceneDelegate.swift */,
				5E33F8C0251741DC00E713FA /* Model */,
				5E33F8B72517410600E713FA /* Controllers */,
				5E33F8B6251740E200E713FA /* StoryBoards */,
				5E47335D2514E56D00C996D0 /* Assets.xcassets */,
				5E4733622514E56D00C996D0 /* Info.plist */,
			);
			path = AnimationStudy;
			sourceTree = "<group>";
		};
		5E47336A2514E56D00C996D0 /* AnimationStudyTests */ = {
			isa = PBXGroup;
			children = (
				5E47336B2514E56D00C996D0 /* AnimationStudyTests.swift */,
				5E47336D2514E56D00C996D0 /* Info.plist */,
			);
			path = AnimationStudyTests;
			sourceTree = "<group>";
		};
		5E4733752514E56D00C996D0 /* AnimationStudyUITests */ = {
			isa = PBXGroup;
			children = (
				5E4733762514E56D00C996D0 /* AnimationStudyUITests.swift */,
				5E4733782514E56D00C996D0 /* Info.plist */,
			);
			path = AnimationStudyUITests;
			sourceTree = "<group>";
		};
/* End PBXGroup section */

/* Begin PBXNativeTarget section */
		5E4733502514E56200C996D0 /* AnimationStudy */ = {
			isa = PBXNativeTarget;
			buildConfigurationList = 5E47337B2514E56D00C996D0 /* Build configuration list for PBXNativeTarget "AnimationStudy" */;
			buildPhases = (
				1A2226ED6FCB41CE12AC90F0 /* [CP] Check Pods Manifest.lock */,
				5E47334D2514E56200C996D0 /* Sources */,
				5E47334E2514E56200C996D0 /* Frameworks */,
				5E47334F2514E56200C996D0 /* Resources */,
				D8880CDABDE6EFFD17E61F17 /* [CP] Embed Pods Frameworks */,
			);
			buildRules = (
			);
			dependencies = (
			);
			name = AnimationStudy;
			productName = AnimationStudy;
			productReference = 5E4733512514E56200C996D0 /* AnimationStudy.app */;
			productType = "com.apple.product-type.application";
		};
		5E4733662514E56D00C996D0 /* AnimationStudyTests */ = {
			isa = PBXNativeTarget;
			buildConfigurationList = 5E47337E2514E56D00C996D0 /* Build configuration list for PBXNativeTarget "AnimationStudyTests" */;
			buildPhases = (
				5E4733632514E56D00C996D0 /* Sources */,
				5E4733642514E56D00C996D0 /* Frameworks */,
				5E4733652514E56D00C996D0 /* Resources */,
			);
			buildRules = (
			);
			dependencies = (
				5E4733692514E56D00C996D0 /* PBXTargetDependency */,
			);
			name = AnimationStudyTests;
			productName = AnimationStudyTests;
			productReference = 5E4733672514E56D00C996D0 /* AnimationStudyTests.xctest */;
			productType = "com.apple.product-type.bundle.unit-test";
		};
		5E4733712514E56D00C996D0 /* AnimationStudyUITests */ = {
			isa = PBXNativeTarget;
			buildConfigurationList = 5E4733812514E56D00C996D0 /* Build configuration list for PBXNativeTarget "AnimationStudyUITests" */;
			buildPhases = (
				5E47336E2514E56D00C996D0 /* Sources */,
				5E47336F2514E56D00C996D0 /* Frameworks */,
				5E4733702514E56D00C996D0 /* Resources */,
			);
			buildRules = (
			);
			dependencies = (
				5E4733742514E56D00C996D0 /* PBXTargetDependency */,
			);
			name = AnimationStudyUITests;
			productName = AnimationStudyUITests;
			productReference = 5E4733722514E56D00C996D0 /* AnimationStudyUITests.xctest */;
			productType = "com.apple.product-type.bundle.ui-testing";
		};
/* End PBXNativeTarget section */

/* Begin PBXProject section */
		5E4733492514E56200C996D0 /* Project object */ = {
			isa = PBXProject;
			attributes = {
				LastSwiftUpdateCheck = 1200;
				LastUpgradeCheck = 1200;
				TargetAttributes = {
					5E4733502514E56200C996D0 = {
						CreatedOnToolsVersion = 12.0;
					};
					5E4733662514E56D00C996D0 = {
						CreatedOnToolsVersion = 12.0;
					};
					5E4733712514E56D00C996D0 = {
						CreatedOnToolsVersion = 12.0;
					};
				};
			};
			buildConfigurationList = 5E47334C2514E56200C996D0 /* Build configuration list for PBXProject "AnimationStudy" */;
			compatibilityVersion = "Xcode 9.3";
			developmentRegion = en;
			hasScannedForEncodings = 0;
			knownRegions = (
				en,
				Base,
			);
			mainGroup = 5E4733482514E56200C996D0;
			productRefGroup = 5E4733522514E56200C996D0 /* Products */;
			projectDirPath = "";
			projectRoot = "";
			targets = (
				5E4733502514E56200C996D0 /* AnimationStudy */,
				5E4733662514E56D00C996D0 /* AnimationStudyTests */,
				5E4733712514E56D00C996D0 /* AnimationStudyUITests */,
			);
		};
/* End PBXProject section */

/* Begin PBXResourcesBuildPhase section */
		5E47334F2514E56200C996D0 /* Resources */ = {
			isa = PBXResourcesBuildPhase;
			buildActionMask = 2147483647;
			files = (
				5E4733612514E56D00C996D0 /* LaunchScreen.storyboard in Resources */,
				5E47335E2514E56D00C996D0 /* Assets.xcassets in Resources */,
				5E47335C2514E56200C996D0 /* Main.storyboard in Resources */,
			);
			runOnlyForDeploymentPostprocessing = 0;
		};
		5E4733652514E56D00C996D0 /* Resources */ = {
			isa = PBXResourcesBuildPhase;
			buildActionMask = 2147483647;
			files = (
			);
			runOnlyForDeploymentPostprocessing = 0;
		};
		5E4733702514E56D00C996D0 /* Resources */ = {
			isa = PBXResourcesBuildPhase;
			buildActionMask = 2147483647;
			files = (
			);
			runOnlyForDeploymentPostprocessing = 0;
		};
/* End PBXResourcesBuildPhase section */

/* Begin PBXShellScriptBuildPhase section */
		1A2226ED6FCB41CE12AC90F0 /* [CP] Check Pods Manifest.lock */ = {
			isa = PBXShellScriptBuildPhase;
			buildActionMask = 2147483647;
			files = (
			);
			inputFileListPaths = (
			);
			inputPaths = (
				"${PODS_PODFILE_DIR_PATH}/Podfile.lock",
				"${PODS_ROOT}/Manifest.lock",
			);
			name = "[CP] Check Pods Manifest.lock";
			outputFileListPaths = (
			);
			outputPaths = (
				"$(DERIVED_FILE_DIR)/Pods-AnimationStudy-checkManifestLockResult.txt",
			);
			runOnlyForDeploymentPostprocessing = 0;
			shellPath = /bin/sh;
			shellScript = "diff \"${PODS_PODFILE_DIR_PATH}/Podfile.lock\" \"${PODS_ROOT}/Manifest.lock\" > /dev/null\nif [ $? != 0 ] ; then\n    # print error to STDERR\n    echo \"error: The sandbox is not in sync with the Podfile.lock. Run 'pod install' or update your CocoaPods installation.\" >&2\n    exit 1\nfi\n# This output is used by Xcode 'outputs' to avoid re-running this script phase.\necho \"SUCCESS\" > \"${SCRIPT_OUTPUT_FILE_0}\"\n";
			showEnvVarsInLog = 0;
		};
		D8880CDABDE6EFFD17E61F17 /* [CP] Embed Pods Frameworks */ = {
			isa = PBXShellScriptBuildPhase;
			buildActionMask = 2147483647;
			files = (
			);
			inputFileListPaths = (
				"${PODS_ROOT}/Target Support Files/Pods-AnimationStudy/Pods-AnimationStudy-frameworks-${CONFIGURATION}-input-files.xcfilelist",
			);
			name = "[CP] Embed Pods Frameworks";
			outputFileListPaths = (
				"${PODS_ROOT}/Target Support Files/Pods-AnimationStudy/Pods-AnimationStudy-frameworks-${CONFIGURATION}-output-files.xcfilelist",
			);
			runOnlyForDeploymentPostprocessing = 0;
			shellPath = /bin/sh;
			shellScript = "\"${PODS_ROOT}/Target Support Files/Pods-AnimationStudy/Pods-AnimationStudy-frameworks.sh\"\n";
			showEnvVarsInLog = 0;
		};
/* End PBXShellScriptBuildPhase section */

/* Begin PBXSourcesBuildPhase section */
		5E47334D2514E56200C996D0 /* Sources */ = {
			isa = PBXSourcesBuildPhase;
			buildActionMask = 2147483647;
			files = (
				5E4733592514E56200C996D0 /* ViewController.swift in Sources */,
				5E33F8C925174AF600E713FA /* AnimationData.swift in Sources */,
				5E4733552514E56200C996D0 /* AppDelegate.swift in Sources */,
				5E4733572514E56200C996D0 /* SceneDelegate.swift in Sources */,
				5E47338B2514EDF300C996D0 /* Extension + UIButton.swift in Sources */,
			);
			runOnlyForDeploymentPostprocessing = 0;
		};
		5E4733632514E56D00C996D0 /* Sources */ = {
			isa = PBXSourcesBuildPhase;
			buildActionMask = 2147483647;
			files = (
				5E47336C2514E56D00C996D0 /* AnimationStudyTests.swift in Sources */,
			);
			runOnlyForDeploymentPostprocessing = 0;
		};
		5E47336E2514E56D00C996D0 /* Sources */ = {
			isa = PBXSourcesBuildPhase;
			buildActionMask = 2147483647;
			files = (
				5E4733772514E56D00C996D0 /* AnimationStudyUITests.swift in Sources */,
			);
			runOnlyForDeploymentPostprocessing = 0;
		};
/* End PBXSourcesBuildPhase section */

/* Begin PBXTargetDependency section */
		5E4733692514E56D00C996D0 /* PBXTargetDependency */ = {
			isa = PBXTargetDependency;
			target = 5E4733502514E56200C996D0 /* AnimationStudy */;
			targetProxy = 5E4733682514E56D00C996D0 /* PBXContainerItemProxy */;
		};
		5E4733742514E56D00C996D0 /* PBXTargetDependency */ = {
			isa = PBXTargetDependency;
			target = 5E4733502514E56200C996D0 /* AnimationStudy */;
			targetProxy = 5E4733732514E56D00C996D0 /* PBXContainerItemProxy */;
		};
/* End PBXTargetDependency section */

/* Begin PBXVariantGroup section */
		5E47335A2514E56200C996D0 /* Main.storyboard */ = {
			isa = PBXVariantGroup;
			children = (
				5E47335B2514E56200C996D0 /* Base */,
			);
			name = Main.storyboard;
			sourceTree = "<group>";
		};
		5E47335F2514E56D00C996D0 /* LaunchScreen.storyboard */ = {
			isa = PBXVariantGroup;
			children = (
				5E4733602514E56D00C996D0 /* Base */,
			);
			name = LaunchScreen.storyboard;
			sourceTree = "<group>";
		};
/* End PBXVariantGroup section */

/* Begin XCBuildConfiguration section */
		5E4733792514E56D00C996D0 /* Debug */ = {
			isa = XCBuildConfiguration;
			buildSettings = {
				ALWAYS_SEARCH_USER_PATHS = NO;
				CLANG_ANALYZER_NONNULL = YES;
				CLANG_ANALYZER_NUMBER_OBJECT_CONVERSION = YES_AGGRESSIVE;
				CLANG_CXX_LANGUAGE_STANDARD = "gnu++14";
				CLANG_CXX_LIBRARY = "libc++";
				CLANG_ENABLE_MODULES = YES;
				CLANG_ENABLE_OBJC_ARC = YES;
				CLANG_ENABLE_OBJC_WEAK = YES;
				CLANG_WARN_BLOCK_CAPTURE_AUTORELEASING = YES;
				CLANG_WARN_BOOL_CONVERSION = YES;
				CLANG_WARN_COMMA = YES;
				CLANG_WARN_CONSTANT_CONVERSION = YES;
				CLANG_WARN_DEPRECATED_OBJC_IMPLEMENTATIONS = YES;
				CLANG_WARN_DIRECT_OBJC_ISA_USAGE = YES_ERROR;
				CLANG_WARN_DOCUMENTATION_COMMENTS = YES;
				CLANG_WARN_EMPTY_BODY = YES;
				CLANG_WARN_ENUM_CONVERSION = YES;
				CLANG_WARN_INFINITE_RECURSION = YES;
				CLANG_WARN_INT_CONVERSION = YES;
				CLANG_WARN_NON_LITERAL_NULL_CONVERSION = YES;
				CLANG_WARN_OBJC_IMPLICIT_RETAIN_SELF = YES;
				CLANG_WARN_OBJC_LITERAL_CONVERSION = YES;
				CLANG_WARN_OBJC_ROOT_CLASS = YES_ERROR;
				CLANG_WARN_QUOTED_INCLUDE_IN_FRAMEWORK_HEADER = YES;
				CLANG_WARN_RANGE_LOOP_ANALYSIS = YES;
				CLANG_WARN_STRICT_PROTOTYPES = YES;
				CLANG_WARN_SUSPICIOUS_MOVE = YES;
				CLANG_WARN_UNGUARDED_AVAILABILITY = YES_AGGRESSIVE;
				CLANG_WARN_UNREACHABLE_CODE = YES;
				CLANG_WARN__DUPLICATE_METHOD_MATCH = YES;
				COPY_PHASE_STRIP = NO;
				DEBUG_INFORMATION_FORMAT = dwarf;
				ENABLE_STRICT_OBJC_MSGSEND = YES;
				ENABLE_TESTABILITY = YES;
				GCC_C_LANGUAGE_STANDARD = gnu11;
				GCC_DYNAMIC_NO_PIC = NO;
				GCC_NO_COMMON_BLOCKS = YES;
				GCC_OPTIMIZATION_LEVEL = 0;
				GCC_PREPROCESSOR_DEFINITIONS = (
					"DEBUG=1",
					"$(inherited)",
				);
				GCC_WARN_64_TO_32_BIT_CONVERSION = YES;
				GCC_WARN_ABOUT_RETURN_TYPE = YES_ERROR;
				GCC_WARN_UNDECLARED_SELECTOR = YES;
				GCC_WARN_UNINITIALIZED_AUTOS = YES_AGGRESSIVE;
				GCC_WARN_UNUSED_FUNCTION = YES;
				GCC_WARN_UNUSED_VARIABLE = YES;
				IPHONEOS_DEPLOYMENT_TARGET = 14.0;
				MTL_ENABLE_DEBUG_INFO = INCLUDE_SOURCE;
				MTL_FAST_MATH = YES;
				ONLY_ACTIVE_ARCH = YES;
				SDKROOT = iphoneos;
				SWIFT_ACTIVE_COMPILATION_CONDITIONS = DEBUG;
				SWIFT_OPTIMIZATION_LEVEL = "-Onone";
			};
			name = Debug;
		};
		5E47337A2514E56D00C996D0 /* Release */ = {
			isa = XCBuildConfiguration;
			buildSettings = {
				ALWAYS_SEARCH_USER_PATHS = NO;
				CLANG_ANALYZER_NONNULL = YES;
				CLANG_ANALYZER_NUMBER_OBJECT_CONVERSION = YES_AGGRESSIVE;
				CLANG_CXX_LANGUAGE_STANDARD = "gnu++14";
				CLANG_CXX_LIBRARY = "libc++";
				CLANG_ENABLE_MODULES = YES;
				CLANG_ENABLE_OBJC_ARC = YES;
				CLANG_ENABLE_OBJC_WEAK = YES;
				CLANG_WARN_BLOCK_CAPTURE_AUTORELEASING = YES;
				CLANG_WARN_BOOL_CONVERSION = YES;
				CLANG_WARN_COMMA = YES;
				CLANG_WARN_CONSTANT_CONVERSION = YES;
				CLANG_WARN_DEPRECATED_OBJC_IMPLEMENTATIONS = YES;
				CLANG_WARN_DIRECT_OBJC_ISA_USAGE = YES_ERROR;
				CLANG_WARN_DOCUMENTATION_COMMENTS = YES;
				CLANG_WARN_EMPTY_BODY = YES;
				CLANG_WARN_ENUM_CONVERSION = YES;
				CLANG_WARN_INFINITE_RECURSION = YES;
				CLANG_WARN_INT_CONVERSION = YES;
				CLANG_WARN_NON_LITERAL_NULL_CONVERSION = YES;
				CLANG_WARN_OBJC_IMPLICIT_RETAIN_SELF = YES;
				CLANG_WARN_OBJC_LITERAL_CONVERSION = YES;
				CLANG_WARN_OBJC_ROOT_CLASS = YES_ERROR;
				CLANG_WARN_QUOTED_INCLUDE_IN_FRAMEWORK_HEADER = YES;
				CLANG_WARN_RANGE_LOOP_ANALYSIS = YES;
				CLANG_WARN_STRICT_PROTOTYPES = YES;
				CLANG_WARN_SUSPICIOUS_MOVE = YES;
				CLANG_WARN_UNGUARDED_AVAILABILITY = YES_AGGRESSIVE;
				CLANG_WARN_UNREACHABLE_CODE = YES;
				CLANG_WARN__DUPLICATE_METHOD_MATCH = YES;
				COPY_PHASE_STRIP = NO;
				DEBUG_INFORMATION_FORMAT = "dwarf-with-dsym";
				ENABLE_NS_ASSERTIONS = NO;
				ENABLE_STRICT_OBJC_MSGSEND = YES;
				GCC_C_LANGUAGE_STANDARD = gnu11;
				GCC_NO_COMMON_BLOCKS = YES;
				GCC_WARN_64_TO_32_BIT_CONVERSION = YES;
				GCC_WARN_ABOUT_RETURN_TYPE = YES_ERROR;
				GCC_WARN_UNDECLARED_SELECTOR = YES;
				GCC_WARN_UNINITIALIZED_AUTOS = YES_AGGRESSIVE;
				GCC_WARN_UNUSED_FUNCTION = YES;
				GCC_WARN_UNUSED_VARIABLE = YES;
				IPHONEOS_DEPLOYMENT_TARGET = 14.0;
				MTL_ENABLE_DEBUG_INFO = NO;
				MTL_FAST_MATH = YES;
				SDKROOT = iphoneos;
				SWIFT_COMPILATION_MODE = wholemodule;
				SWIFT_OPTIMIZATION_LEVEL = "-O";
				VALIDATE_PRODUCT = YES;
			};
			name = Release;
		};
		5E47337C2514E56D00C996D0 /* Debug */ = {
			isa = XCBuildConfiguration;
			baseConfigurationReference = 19628AE2FAFBEFA556A266F1 /* Pods-AnimationStudy.debug.xcconfig */;
			buildSettings = {
				ASSETCATALOG_COMPILER_APPICON_NAME = AppIcon;
				ASSETCATALOG_COMPILER_GLOBAL_ACCENT_COLOR_NAME = AccentColor;
				CODE_SIGN_STYLE = Automatic;
				DEVELOPMENT_TEAM = 39ASSNB2G6;
				INFOPLIST_FILE = AnimationStudy/Info.plist;
				IPHONEOS_DEPLOYMENT_TARGET = 13.0;
				LD_RUNPATH_SEARCH_PATHS = (
					"$(inherited)",
					"@executable_path/Frameworks",
				);
				PRODUCT_BUNDLE_IDENTIFIER = ru.yolloarts.AnimationStudy;
				PRODUCT_NAME = "$(TARGET_NAME)";
				SWIFT_VERSION = 5.0;
				TARGETED_DEVICE_FAMILY = "1,2";
			};
			name = Debug;
		};
		5E47337D2514E56D00C996D0 /* Release */ = {
			isa = XCBuildConfiguration;
			baseConfigurationReference = 9606EEE8CA613CA62084E0CA /* Pods-AnimationStudy.release.xcconfig */;
			buildSettings = {
				ASSETCATALOG_COMPILER_APPICON_NAME = AppIcon;
				ASSETCATALOG_COMPILER_GLOBAL_ACCENT_COLOR_NAME = AccentColor;
				CODE_SIGN_STYLE = Automatic;
				DEVELOPMENT_TEAM = 39ASSNB2G6;
				INFOPLIST_FILE = AnimationStudy/Info.plist;
				IPHONEOS_DEPLOYMENT_TARGET = 13.0;
				LD_RUNPATH_SEARCH_PATHS = (
					"$(inherited)",
					"@executable_path/Frameworks",
				);
				PRODUCT_BUNDLE_IDENTIFIER = ru.yolloarts.AnimationStudy;
				PRODUCT_NAME = "$(TARGET_NAME)";
				SWIFT_VERSION = 5.0;
				TARGETED_DEVICE_FAMILY = "1,2";
			};
			name = Release;
		};
		5E47337F2514E56D00C996D0 /* Debug */ = {
			isa = XCBuildConfiguration;
			buildSettings = {
				ALWAYS_EMBED_SWIFT_STANDARD_LIBRARIES = YES;
				CODE_SIGN_STYLE = Automatic;
				DEVELOPMENT_TEAM = 39ASSNB2G6;
				INFOPLIST_FILE = AnimationStudyTests/Info.plist;
				IPHONEOS_DEPLOYMENT_TARGET = 14.0;
				LD_RUNPATH_SEARCH_PATHS = (
					"$(inherited)",
					"@executable_path/Frameworks",
					"@loader_path/Frameworks",
				);
				PRODUCT_BUNDLE_IDENTIFIER = ru.yolloarts.AnimationStudyTests;
				PRODUCT_NAME = "$(TARGET_NAME)";
				SWIFT_VERSION = 5.0;
				TARGETED_DEVICE_FAMILY = "1,2";
			};
			name = Debug;
		};
		5E4733802514E56D00C996D0 /* Release */ = {
			isa = XCBuildConfiguration;
			buildSettings = {
				ALWAYS_EMBED_SWIFT_STANDARD_LIBRARIES = YES;
				CODE_SIGN_STYLE = Automatic;
				DEVELOPMENT_TEAM = 39ASSNB2G6;
				INFOPLIST_FILE = AnimationStudyTests/Info.plist;
				IPHONEOS_DEPLOYMENT_TARGET = 14.0;
				LD_RUNPATH_SEARCH_PATHS = (
					"$(inherited)",
					"@executable_path/Frameworks",
					"@loader_path/Frameworks",
				);
				PRODUCT_BUNDLE_IDENTIFIER = ru.yolloarts.AnimationStudyTests;
				PRODUCT_NAME = "$(TARGET_NAME)";
				SWIFT_VERSION = 5.0;
				TARGETED_DEVICE_FAMILY = "1,2";
			};
			name = Release;
		};
		5E4733822514E56D00C996D0 /* Debug */ = {
			isa = XCBuildConfiguration;
			buildSettings = {
				ALWAYS_EMBED_SWIFT_STANDARD_LIBRARIES = YES;
				CODE_SIGN_STYLE = Automatic;
				DEVELOPMENT_TEAM = 39ASSNB2G6;
				INFOPLIST_FILE = AnimationStudyUITests/Info.plist;
				LD_RUNPATH_SEARCH_PATHS = (
					"$(inherited)",
					"@executable_path/Frameworks",
					"@loader_path/Frameworks",
				);
				PRODUCT_BUNDLE_IDENTIFIER = ru.yolloarts.AnimationStudyUITests;
				PRODUCT_NAME = "$(TARGET_NAME)";
				PROVISIONING_PROFILE = "";
				SWIFT_VERSION = 5.0;
				TARGETED_DEVICE_FAMILY = "1,2";
			};
			name = Debug;
		};
		5E4733832514E56D00C996D0 /* Release */ = {
			isa = XCBuildConfiguration;
			buildSettings = {
				ALWAYS_EMBED_SWIFT_STANDARD_LIBRARIES = YES;
				CODE_SIGN_STYLE = Automatic;
				DEVELOPMENT_TEAM = 39ASSNB2G6;
				INFOPLIST_FILE = AnimationStudyUITests/Info.plist;
				LD_RUNPATH_SEARCH_PATHS = (
					"$(inherited)",
					"@executable_path/Frameworks",
					"@loader_path/Frameworks",
				);
				PRODUCT_BUNDLE_IDENTIFIER = ru.yolloarts.AnimationStudyUITests;
				PRODUCT_NAME = "$(TARGET_NAME)";
				PROVISIONING_PROFILE = "";
				SWIFT_VERSION = 5.0;
				TARGETED_DEVICE_FAMILY = "1,2";
			};
			name = Release;
		};
/* End XCBuildConfiguration section */

/* Begin XCConfigurationList section */
		5E47334C2514E56200C996D0 /* Build configuration list for PBXProject "AnimationStudy" */ = {
			isa = XCConfigurationList;
			buildConfigurations = (
				5E4733792514E56D00C996D0 /* Debug */,
				5E47337A2514E56D00C996D0 /* Release */,
			);
			defaultConfigurationIsVisible = 0;
			defaultConfigurationName = Release;
		};
		5E47337B2514E56D00C996D0 /* Build configuration list for PBXNativeTarget "AnimationStudy" */ = {
			isa = XCConfigurationList;
			buildConfigurations = (
				5E47337C2514E56D00C996D0 /* Debug */,
				5E47337D2514E56D00C996D0 /* Release */,
			);
			defaultConfigurationIsVisible = 0;
			defaultConfigurationName = Release;
		};
		5E47337E2514E56D00C996D0 /* Build configuration list for PBXNativeTarget "AnimationStudyTests" */ = {
			isa = XCConfigurationList;
			buildConfigurations = (
				5E47337F2514E56D00C996D0 /* Debug */,
				5E4733802514E56D00C996D0 /* Release */,
			);
			defaultConfigurationIsVisible = 0;
			defaultConfigurationName = Release;
		};
		5E4733812514E56D00C996D0 /* Build configuration list for PBXNativeTarget "AnimationStudyUITests" */ = {
			isa = XCConfigurationList;
			buildConfigurations = (
				5E4733822514E56D00C996D0 /* Debug */,
				5E4733832514E56D00C996D0 /* Release */,
			);
			defaultConfigurationIsVisible = 0;
			defaultConfigurationName = Release;
		};
/* End XCConfigurationList section */
	};
	rootObject = 5E4733492514E56200C996D0 /* Project object */;
}
